
Microsoft Visual Studio Solution File, Format Version 12.00
# Visual Studio Version 17
VisualStudioVersion = 17.13.35825.156 d17.13
MinimumVisualStudioVersion = 10.0.40219.1
Project("{FAE04EC0-301F-11D3-BF4B-00C04F79EFBC}") = "Calculadora.ConsoleApp", "Calculadora.ConsoleApp\Calculadora.ConsoleApp.csproj", "{804F38E9-33A6-4053-AF6C-0BD5CB1777F4}"
EndProject
Global
	GlobalSection(SolutionConfigurationPlatforms) = preSolution
		Debug|Any CPU = Debug|Any CPU
		Release|Any CPU = Release|Any CPU
	EndGlobalSection
	GlobalSection(ProjectConfigurationPlatforms) = postSolution
		{804F38E9-33A6-4053-AF6C-0BD5CB1777F4}.Debug|Any CPU.ActiveCfg = Debug|Any CPU
		{804F38E9-33A6-4053-AF6C-0BD5CB1777F4}.Debug|Any CPU.Build.0 = Debug|Any CPU
		{804F38E9-33A6-4053-AF6C-0BD5CB1777F4}.Release|Any CPU.ActiveCfg = Release|Any CPU
		{804F38E9-33A6-4053-AF6C-0BD5CB1777F4}.Release|Any CPU.Build.0 = Release|Any CPU
	EndGlobalSection
	GlobalSection(SolutionProperties) = preSolution
		HideSolutionNode = FALSE
	EndGlobalSection
	GlobalSection(ExtensibilityGlobals) = postSolution
		SolutionGuid = {00A64C3E-6B5B-4468-89C1-3531CE7317C5}
	EndGlobalSection
EndGlobal
